{
  "name": "solid-js-demo",
  "lockfileVersion": 2,
  "requires": true,
  "packages": {
    "": {
      "dependencies": {
        "@suid/icons-material": "^0.2.5",
        "@suid/material": "^0.4.3"
      }
    },
    "node_modules/@popperjs/core": {
      "version": "2.11.5",
      "resolved": "https://registry.npmjs.org/@popperjs/core/-/core-2.11.5.tgz",
      "integrity": "sha512-9X2obfABZuDVLCgPK9aX0a/x4jaOEweTTWE2+9sr0Qqqevj2Uv5XorvusThmc9XGYpS9yI+fhh8RTafBtGposw==",
      "funding": {
        "type": "opencollective",
        "url": "https://opencollective.com/popperjs"
      }
    },
    "node_modules/@suid/base": {
      "version": "0.2.5",
      "resolved": "https://registry.npmjs.org/@suid/base/-/base-0.2.5.tgz",
      "integrity": "sha512-wY2DBOxtpPp8LwRN6lUxjaPBv3TTPBYuNnu7H4YtrkoONFcZFDeP+W3GdQM0uAEfZKzDgjlVP3FveuvUd5OGsA==",
      "dependencies": {
        "@popperjs/core": "^2.11.5",
        "@suid/css": "0.1.4",
        "@suid/system": "0.4.2",
        "@suid/types": "0.1.2",
        "@suid/utils": "0.3.0",
        "clsx": "^1.1.1"
      },
      "peerDependencies": {
        "solid-js": "^1.3.0"
      }
    },
    "node_modules/@suid/css": {
      "version": "0.1.4",
      "resolved": "https://registry.npmjs.org/@suid/css/-/css-0.1.4.tgz",
      "integrity": "sha512-FqG0nlZgOMl7vUVO5Y7yj+5nfPwXJNSkDN4XUjuerhvLkIKrf6xjMsKw8ORZEWeAKD+eWIP9G3mFyKoVauQwnQ==",
      "dependencies": {
        "@suid/utils": "0.3.0"
      }
    },
    "node_modules/@suid/icons-material": {
      "version": "0.2.5",
      "resolved": "https://registry.npmjs.org/@suid/icons-material/-/icons-material-0.2.5.tgz",
      "integrity": "sha512-zjsIjH2UcVXO20cfxXNc3FB5ni2eijsiMe7pNFGJcTOT8NTqb8STGnXgNPUNtPfHeTWrXrAbsD/r7kH27h4DVg==",
      "dependencies": {
        "@suid/material": "0.4.3"
      },
      "peerDependencies": {
        "solid-js": "^1.3.0"
      }
    },
    "node_modules/@suid/material": {
      "version": "0.4.3",
      "resolved": "https://registry.npmjs.org/@suid/material/-/material-0.4.3.tgz",
      "integrity": "sha512-V56pkG2Kx47Mkjds4la7Dr0oV+B2vVu7Z00t5312HttLD+tb73l5AQjduIPVQUUelSCgqgBC30D6or49SueZrA==",
      "dependencies": {
        "@suid/base": "0.2.5",
        "@suid/css": "0.1.4",
        "@suid/system": "0.4.2",
        "@suid/types": "0.1.2",
        "@suid/utils": "0.3.0",
        "clsx": "^1.1.1"
      },
      "peerDependencies": {
        "solid-js": "^1.3.0"
      }
    },
    "node_modules/@suid/styled-engine": {
      "version": "0.1.1",
      "resolved": "https://registry.npmjs.org/@suid/styled-engine/-/styled-engine-0.1.1.tgz",
      "integrity": "sha512-VMv6eSuCWwBTKuWfHpdwAJep7n0RBlct+E8sah2xzT9zT2KkzEF6Im5cis+uUHHe00UBi/Vw9N5DSCuoVXfePg==",
      "dependencies": {
        "@suid/css": "0.1.4",
        "@suid/utils": "0.3.0"
      },
      "peerDependencies": {
        "solid-js": "^1.3.0"
      }
    },
    "node_modules/@suid/system": {
      "version": "0.4.2",
      "resolved": "https://registry.npmjs.org/@suid/system/-/system-0.4.2.tgz",
      "integrity": "sha512-gYCAsT/XFrkKmVe7e9FwulpVBdrRhyEhn2izXhV5tPieEao9mPeaw/hUb9pBpSWh/XRXkSR4BGUcURdU/r74uA==",
      "dependencies": {
        "@suid/css": "0.1.4",
        "@suid/styled-engine": "0.1.1",
        "@suid/types": "0.1.2",
        "@suid/utils": "0.3.0",
        "clsx": "^1.1.1",
        "csstype": "^3.1.0"
      },
      "peerDependencies": {
        "solid-js": "^1.3.0"
      }
    },
    "node_modules/@suid/types": {
      "version": "0.1.2",
      "resolved": "https://registry.npmjs.org/@suid/types/-/types-0.1.2.tgz",
      "integrity": "sha512-1heaPX6SF2EVXEdkfTZrxQnUMIOoY5ZCLA3osCriY5QZTK3xxczCoR2Dpn2Ri3p9UyrSkqVETnG9WDkoBBeW3Q==",
      "peerDependencies": {
        "solid-js": "^1.3.0"
      }
    },
    "node_modules/@suid/utils": {
      "version": "0.3.0",
      "resolved": "https://registry.npmjs.org/@suid/utils/-/utils-0.3.0.tgz",
      "integrity": "sha512-62A+r1O6Q0OuSJo3I2QC9RFOxwAPf3A9/ra8iSDmwYfTCnBOMjgdgEVIxQQabdjaLtqnAvnBjCNSUK/NI/oKyQ==",
      "dependencies": {
        "@suid/types": "0.1.2"
      },
      "peerDependencies": {
        "solid-js": "^1.3.0"
      }
    },
    "node_modules/clsx": {
      "version": "1.2.1",
      "resolved": "https://registry.npmjs.org/clsx/-/clsx-1.2.1.tgz",
      "integrity": "sha512-EcR6r5a8bj6pu3ycsa/E/cKVGuTgZJZdsyUYHOksG/UHIiKfjxzRxYJpyVBwYaQeOvghal9fcc4PidlgzugAQg==",
      "engines": {
        "node": ">=6"
      }
    },
    "node_modules/csstype": {
      "version": "3.1.0",
      "resolved": "https://registry.npmjs.org/csstype/-/csstype-3.1.0.tgz",
      "integrity": "sha512-uX1KG+x9h5hIJsaKR9xHUeUraxf8IODOwq9JLNPq6BwB04a/xgpq3rcx47l5BZu5zBPlgD342tdke3Hom/nJRA=="
    },
    "node_modules/solid-js": {
      "version": "1.4.7",
      "resolved": "https://registry.npmjs.org/solid-js/-/solid-js-1.4.7.tgz",
      "integrity": "sha512-u3hoe5w3xseAc/8zLwYaQVGanWXknMMQkzryNz7lOPy2ygW6DhCtfMseun4kLflRNRzrUUpTV3W5p7j2SGcHCQ==",
      "peer": true
    }
  },
  "dependencies": {
    "@popperjs/core": {
      "version": "2.11.5",
      "resolved": "https://registry.npmjs.org/@popperjs/core/-/core-2.11.5.tgz",
      "integrity": "sha512-9X2obfABZuDVLCgPK9aX0a/x4jaOEweTTWE2+9sr0Qqqevj2Uv5XorvusThmc9XGYpS9yI+fhh8RTafBtGposw=="
    },
    "@suid/base": {
      "version": "0.2.5",
      "resolved": "https://registry.npmjs.org/@suid/base/-/base-0.2.5.tgz",
      "integrity": "sha512-wY2DBOxtpPp8LwRN6lUxjaPBv3TTPBYuNnu7H4YtrkoONFcZFDeP+W3GdQM0uAEfZKzDgjlVP3FveuvUd5OGsA==",
      "requires": {
        "@popperjs/core": "^2.11.5",
        "@suid/css": "0.1.4",
        "@suid/system": "0.4.2",
        "@suid/types": "0.1.2",
        "@suid/utils": "0.3.0",
        "clsx": "^1.1.1"
      }
    },
    "@suid/css": {
      "version": "0.1.4",
      "resolved": "https://registry.npmjs.org/@suid/css/-/css-0.1.4.tgz",
      "integrity": "sha512-FqG0nlZgOMl7vUVO5Y7yj+5nfPwXJNSkDN4XUjuerhvLkIKrf6xjMsKw8ORZEWeAKD+eWIP9G3mFyKoVauQwnQ==",
      "requires": {
        "@suid/utils": "0.3.0"
      }
    },
    "@suid/icons-material": {
      "version": "0.2.5",
      "resolved": "https://registry.npmjs.org/@suid/icons-material/-/icons-material-0.2.5.tgz",
      "integrity": "sha512-zjsIjH2UcVXO20cfxXNc3FB5ni2eijsiMe7pNFGJcTOT8NTqb8STGnXgNPUNtPfHeTWrXrAbsD/r7kH27h4DVg==",
      "requires": {
        "@suid/material": "0.4.3"
      }
    },
    "@suid/material": {
      "version": "0.4.3",
      "resolved": "https://registry.npmjs.org/@suid/material/-/material-0.4.3.tgz",
      "integrity": "sha512-V56pkG2Kx47Mkjds4la7Dr0oV+B2vVu7Z00t5312HttLD+tb73l5AQjduIPVQUUelSCgqgBC30D6or49SueZrA==",
      "requires": {
        "@suid/base": "0.2.5",
        "@suid/css": "0.1.4",
        "@suid/system": "0.4.2",
        "@suid/types": "0.1.2",
        "@suid/utils": "0.3.0",
        "clsx": "^1.1.1"
      }
    },
    "@suid/styled-engine": {
      "version": "0.1.1",
      "resolved": "https://registry.npmjs.org/@suid/styled-engine/-/styled-engine-0.1.1.tgz",
      "integrity": "sha512-VMv6eSuCWwBTKuWfHpdwAJep7n0RBlct+E8sah2xzT9zT2KkzEF6Im5cis+uUHHe00UBi/Vw9N5DSCuoVXfePg==",
      "requires": {
        "@suid/css": "0.1.4",
        "@suid/utils": "0.3.0"
      }
    },
    "@suid/system": {
      "version": "0.4.2",
      "resolved": "https://registry.npmjs.org/@suid/system/-/system-0.4.2.tgz",
      "integrity": "sha512-gYCAsT/XFrkKmVe7e9FwulpVBdrRhyEhn2izXhV5tPieEao9mPeaw/hUb9pBpSWh/XRXkSR4BGUcURdU/r74uA==",
      "requires": {
        "@suid/css": "0.1.4",
        "@suid/styled-engine": "0.1.1",
        "@suid/types": "0.1.2",
        "@suid/utils": "0.3.0",
        "clsx": "^1.1.1",
        "csstype": "^3.1.0"
      }
    },
    "@suid/types": {
      "version": "0.1.2",
      "resolved": "https://registry.npmjs.org/@suid/types/-/types-0.1.2.tgz",
      "integrity": "sha512-1heaPX6SF2EVXEdkfTZrxQnUMIOoY5ZCLA3osCriY5QZTK3xxczCoR2Dpn2Ri3p9UyrSkqVETnG9WDkoBBeW3Q==",
      "requires": {}
    },
    "@suid/utils": {
      "version": "0.3.0",
      "resolved": "https://registry.npmjs.org/@suid/utils/-/utils-0.3.0.tgz",
      "integrity": "sha512-62A+r1O6Q0OuSJo3I2QC9RFOxwAPf3A9/ra8iSDmwYfTCnBOMjgdgEVIxQQabdjaLtqnAvnBjCNSUK/NI/oKyQ==",
      "requires": {
        "@suid/types": "0.1.2"
      }
    },
    "clsx": {
      "version": "1.2.1",
      "resolved": "https://registry.npmjs.org/clsx/-/clsx-1.2.1.tgz",
      "integrity": "sha512-EcR6r5a8bj6pu3ycsa/E/cKVGuTgZJZdsyUYHOksG/UHIiKfjxzRxYJpyVBwYaQeOvghal9fcc4PidlgzugAQg=="
    },
    "csstype": {
      "version": "3.1.0",
      "resolved": "https://registry.npmjs.org/csstype/-/csstype-3.1.0.tgz",
      "integrity": "sha512-uX1KG+x9h5hIJsaKR9xHUeUraxf8IODOwq9JLNPq6BwB04a/xgpq3rcx47l5BZu5zBPlgD342tdke3Hom/nJRA=="
    },
    "solid-js": {
      "version": "1.4.7",
      "resolved": "https://registry.npmjs.org/solid-js/-/solid-js-1.4.7.tgz",
      "integrity": "sha512-u3hoe5w3xseAc/8zLwYaQVGanWXknMMQkzryNz7lOPy2ygW6DhCtfMseun4kLflRNRzrUUpTV3W5p7j2SGcHCQ==",
      "peer": true
    }
  }
}
